
Microsoft Visual Studio Solution File, Format Version 12.00
# Visual Studio Version 17
VisualStudioVersion = 17.2.32602.215
MinimumVisualStudioVersion = 10.0.40219.1
Project("{FAE04EC0-301F-11D3-BF4B-00C04F79EFBC}") = "KKB.BLL", "KKB.BLL\KKB.BLL.csproj", "{93B55B09-433D-4FD6-A634-8BB4382685DC}"
EndProject
Global
	GlobalSection(SolutionConfigurationPlatforms) = preSolution
		Debug|Any CPU = Debug|Any CPU
		Release|Any CPU = Release|Any CPU
	EndGlobalSection
	GlobalSection(ProjectConfigurationPlatforms) = postSolution
		{93B55B09-433D-4FD6-A634-8BB4382685DC}.Debug|Any CPU.ActiveCfg = Debug|Any CPU
		{93B55B09-433D-4FD6-A634-8BB4382685DC}.Debug|Any CPU.Build.0 = Debug|Any CPU
		{93B55B09-433D-4FD6-A634-8BB4382685DC}.Release|Any CPU.ActiveCfg = Release|Any CPU
		{93B55B09-433D-4FD6-A634-8BB4382685DC}.Release|Any CPU.Build.0 = Release|Any CPU
	EndGlobalSection
	GlobalSection(SolutionProperties) = preSolution
		HideSolutionNode = FALSE
	EndGlobalSection
	GlobalSection(ExtensibilityGlobals) = postSolution
		SolutionGuid = {E20F528B-AEB2-4E08-86D8-5868CA3FFCD4}
	EndGlobalSection
EndGlobal
